
Microsoft Visual Studio Solution File, Format Version 12.00
# Visual Studio 15
VisualStudioVersion = 15.0.27703.2035
MinimumVisualStudioVersion = 10.0.40219.1
Project("{FAE04EC0-301F-11D3-BF4B-00C04F79EFBC}") = "Carubbi.CaptchaBreaker", "Carubbi.CaptchaBreaker\Carubbi.CaptchaBreaker.csproj", "{B0EB46C3-E9A4-4053-9B70-A64D356395E3}"
EndProject
Project("{FAE04EC0-301F-11D3-BF4B-00C04F79EFBC}") = "Carubbi.CaptchaBreaker.Proxy", "Carubbi.CaptchaBreaker.Proxy\Carubbi.CaptchaBreaker.Proxy.csproj", "{840138E4-C2A0-4D6A-A450-762C4DCFDACF}"
EndProject
Project("{FAE04EC0-301F-11D3-BF4B-00C04F79EFBC}") = "Carubbi.CaptchaBreaker.WCF", "Carubbi.CaptchaBreaker.WCF\Carubbi.CaptchaBreaker.WCF.csproj", "{27421196-A487-43CD-8508-E9947F1F720F}"
EndProject
Global
	GlobalSection(SolutionConfigurationPlatforms) = preSolution
		Debug|Any CPU = Debug|Any CPU
		Release|Any CPU = Release|Any CPU
	EndGlobalSection
	GlobalSection(ProjectConfigurationPlatforms) = postSolution
		{B0EB46C3-E9A4-4053-9B70-A64D356395E3}.Debug|Any CPU.ActiveCfg = Debug|Any CPU
		{B0EB46C3-E9A4-4053-9B70-A64D356395E3}.Debug|Any CPU.Build.0 = Debug|Any CPU
		{B0EB46C3-E9A4-4053-9B70-A64D356395E3}.Release|Any CPU.ActiveCfg = Release|Any CPU
		{B0EB46C3-E9A4-4053-9B70-A64D356395E3}.Release|Any CPU.Build.0 = Release|Any CPU
		{840138E4-C2A0-4D6A-A450-762C4DCFDACF}.Debug|Any CPU.ActiveCfg = Debug|Any CPU
		{840138E4-C2A0-4D6A-A450-762C4DCFDACF}.Debug|Any CPU.Build.0 = Debug|Any CPU
		{840138E4-C2A0-4D6A-A450-762C4DCFDACF}.Release|Any CPU.ActiveCfg = Release|Any CPU
		{840138E4-C2A0-4D6A-A450-762C4DCFDACF}.Release|Any CPU.Build.0 = Release|Any CPU
		{27421196-A487-43CD-8508-E9947F1F720F}.Debug|Any CPU.ActiveCfg = Debug|Any CPU
		{27421196-A487-43CD-8508-E9947F1F720F}.Debug|Any CPU.Build.0 = Debug|Any CPU
		{27421196-A487-43CD-8508-E9947F1F720F}.Release|Any CPU.ActiveCfg = Release|Any CPU
		{27421196-A487-43CD-8508-E9947F1F720F}.Release|Any CPU.Build.0 = Release|Any CPU
	EndGlobalSection
	GlobalSection(SolutionProperties) = preSolution
		HideSolutionNode = FALSE
	EndGlobalSection
	GlobalSection(ExtensibilityGlobals) = postSolution
		SolutionGuid = {C6F23654-0141-4A8F-81A0-53EE17150303}
	EndGlobalSection
EndGlobal
